
Microsoft Visual Studio Solution File, Format Version 12.00
# Visual Studio 14
VisualStudioVersion = 14.0.25123.0
MinimumVisualStudioVersion = 10.0.40219.1
Project("{FAE04EC0-301F-11D3-BF4B-00C04F79EFBC}") = "Domain", "Domain\Domain.csproj", "{BFACBE9D-EB5E-4496-8B6B-F884D1082AE3}"
EndProject
Project("{FAE04EC0-301F-11D3-BF4B-00C04F79EFBC}") = "WebUI", "WebUI\WebUI.csproj", "{3E993855-4690-43F2-8E18-69740A3EE458}"
EndProject
Project("{FAE04EC0-301F-11D3-BF4B-00C04F79EFBC}") = "UnitTests", "UnitTests\UnitTests.csproj", "{1D889F4E-0975-4249-AC63-421DC1976BF9}"
EndProject
Global
	GlobalSection(SolutionConfigurationPlatforms) = preSolution
		Debug|Any CPU = Debug|Any CPU
		Release|Any CPU = Release|Any CPU
	EndGlobalSection
	GlobalSection(ProjectConfigurationPlatforms) = postSolution
		{BFACBE9D-EB5E-4496-8B6B-F884D1082AE3}.Debug|Any CPU.ActiveCfg = Debug|Any CPU
		{BFACBE9D-EB5E-4496-8B6B-F884D1082AE3}.Debug|Any CPU.Build.0 = Debug|Any CPU
		{BFACBE9D-EB5E-4496-8B6B-F884D1082AE3}.Release|Any CPU.ActiveCfg = Release|Any CPU
		{BFACBE9D-EB5E-4496-8B6B-F884D1082AE3}.Release|Any CPU.Build.0 = Release|Any CPU
		{3E993855-4690-43F2-8E18-69740A3EE458}.Debug|Any CPU.ActiveCfg = Debug|Any CPU
		{3E993855-4690-43F2-8E18-69740A3EE458}.Debug|Any CPU.Build.0 = Debug|Any CPU
		{3E993855-4690-43F2-8E18-69740A3EE458}.Release|Any CPU.ActiveCfg = Release|Any CPU
		{3E993855-4690-43F2-8E18-69740A3EE458}.Release|Any CPU.Build.0 = Release|Any CPU
		{1D889F4E-0975-4249-AC63-421DC1976BF9}.Debug|Any CPU.ActiveCfg = Debug|Any CPU
		{1D889F4E-0975-4249-AC63-421DC1976BF9}.Debug|Any CPU.Build.0 = Debug|Any CPU
		{1D889F4E-0975-4249-AC63-421DC1976BF9}.Release|Any CPU.ActiveCfg = Release|Any CPU
		{1D889F4E-0975-4249-AC63-421DC1976BF9}.Release|Any CPU.Build.0 = Release|Any CPU
	EndGlobalSection
	GlobalSection(SolutionProperties) = preSolution
		HideSolutionNode = FALSE
	EndGlobalSection
EndGlobal
